
Microsoft Visual Studio Solution File, Format Version 12.00
# Visual Studio 2012
Project("{FAE04EC0-301F-11D3-BF4B-00C04F79EFBC}") = "ThirteenDaysAWeek.MvcCustomErrorsRevisited.Web", "ThirteenDaysAWeek.MvcCustomErrorsRevisited.Web\ThirteenDaysAWeek.MvcCustomErrorsRevisited.Web.csproj", "{AC3DF191-847D-4CC5-9C63-72C121E21959}"
EndProject
Global
	GlobalSection(SolutionConfigurationPlatforms) = preSolution
		Debug|Any CPU = Debug|Any CPU
		Release|Any CPU = Release|Any CPU
	EndGlobalSection
	GlobalSection(ProjectConfigurationPlatforms) = postSolution
		{AC3DF191-847D-4CC5-9C63-72C121E21959}.Debug|Any CPU.ActiveCfg = Debug|Any CPU
		{AC3DF191-847D-4CC5-9C63-72C121E21959}.Debug|Any CPU.Build.0 = Debug|Any CPU
		{AC3DF191-847D-4CC5-9C63-72C121E21959}.Release|Any CPU.ActiveCfg = Release|Any CPU
		{AC3DF191-847D-4CC5-9C63-72C121E21959}.Release|Any CPU.Build.0 = Release|Any CPU
	EndGlobalSection
	GlobalSection(SolutionProperties) = preSolution
		HideSolutionNode = FALSE
	EndGlobalSection
EndGlobal
